
Microsoft Visual Studio Solution File, Format Version 12.00
# Visual Studio Version 17
VisualStudioVersion = 17.11.35208.52
MinimumVisualStudioVersion = 10.0.40219.1
Project("{FAE04EC0-301F-11D3-BF4B-00C04F79EFBC}") = "RGB Míchátko", "RGB Míchátko\RGB Míchátko.csproj", "{C648312B-9338-4307-89D2-7D155ECE5CD4}"
EndProject
Global
	GlobalSection(SolutionConfigurationPlatforms) = preSolution
		Debug|Any CPU = Debug|Any CPU
		Release|Any CPU = Release|Any CPU
	EndGlobalSection
	GlobalSection(ProjectConfigurationPlatforms) = postSolution
		{C648312B-9338-4307-89D2-7D155ECE5CD4}.Debug|Any CPU.ActiveCfg = Debug|Any CPU
		{C648312B-9338-4307-89D2-7D155ECE5CD4}.Debug|Any CPU.Build.0 = Debug|Any CPU
		{C648312B-9338-4307-89D2-7D155ECE5CD4}.Release|Any CPU.ActiveCfg = Release|Any CPU
		{C648312B-9338-4307-89D2-7D155ECE5CD4}.Release|Any CPU.Build.0 = Release|Any CPU
	EndGlobalSection
	GlobalSection(SolutionProperties) = preSolution
		HideSolutionNode = FALSE
	EndGlobalSection
	GlobalSection(ExtensibilityGlobals) = postSolution
		SolutionGuid = {70FE7BA4-026D-4951-8329-760F0331F463}
	EndGlobalSection
EndGlobal
